
Microsoft Visual Studio Solution File, Format Version 12.00
# Visual Studio Version 16
VisualStudioVersion = 16.0.31321.278
MinimumVisualStudioVersion = 10.0.40219.1
Project("{F184B08F-C81C-45F6-A57F-5ABD9991F28F}") = "Textilera", "Textilera\Textilera.vbproj", "{3BB5F8C0-0D99-4DD9-98C8-2A7E54C6911C}"
EndProject
Global
	GlobalSection(SolutionConfigurationPlatforms) = preSolution
		Debug|Any CPU = Debug|Any CPU
		Release|Any CPU = Release|Any CPU
	EndGlobalSection
	GlobalSection(ProjectConfigurationPlatforms) = postSolution
		{3BB5F8C0-0D99-4DD9-98C8-2A7E54C6911C}.Debug|Any CPU.ActiveCfg = Debug|Any CPU
		{3BB5F8C0-0D99-4DD9-98C8-2A7E54C6911C}.Debug|Any CPU.Build.0 = Debug|Any CPU
		{3BB5F8C0-0D99-4DD9-98C8-2A7E54C6911C}.Release|Any CPU.ActiveCfg = Release|Any CPU
		{3BB5F8C0-0D99-4DD9-98C8-2A7E54C6911C}.Release|Any CPU.Build.0 = Release|Any CPU
	EndGlobalSection
	GlobalSection(SolutionProperties) = preSolution
		HideSolutionNode = FALSE
	EndGlobalSection
	GlobalSection(ExtensibilityGlobals) = postSolution
		SolutionGuid = {301D67D8-6D38-4D32-A63E-C0B6ACB4E25B}
	EndGlobalSection
EndGlobal
